{
  "version": 4,
  "terraform_version": "1.11.4",
  "serial": 3,
  "lineage": "0d0f783f-08d4-0560-f7d0-461a8fbcd93b",
  "outputs": {},
  "resources": [
    {
      "mode": "managed",
      "type": "google_cloud_run_service",
      "name": "homolog",
      "provider": "provider[\"registry.terraform.io/hashicorp/google\"]",
      "instances": [
        {
          "schema_version": 2,
          "attributes": {
            "autogenerate_revision_name": false,
            "id": "locations/us-central1/namespaces/devops-459516/services/desafio-api-homolog",
            "location": "us-central1",
            "metadata": [
              {
                "annotations": {},
                "effective_annotations": {
                  "run.googleapis.com/ingress": "all",
                  "run.googleapis.com/ingress-status": "all",
                  "run.googleapis.com/operation-id": "8347be06-b12f-4826-be55-057049c0e708",
                  "run.googleapis.com/urls": "[\"https://desafio-api-homolog-877086529813.us-central1.run.app\"]",
                  "serving.knative.dev/creator": "877086529813-compute@developer.gserviceaccount.com",
                  "serving.knative.dev/lastModifier": "877086529813-compute@developer.gserviceaccount.com"
                },
                "effective_labels": {
                  "cloud.googleapis.com/location": "us-central1"
                },
                "generation": 1,
                "labels": {},
                "namespace": "devops-459516",
                "resource_version": "AAY1Dn84RWc",
                "self_link": "/apis/serving.knative.dev/v1/namespaces/877086529813/services/desafio-api-homolog",
                "terraform_labels": {},
                "uid": "16bff611-3be9-4f9e-82ef-ea5be88e5d8c"
              }
            ],
            "name": "desafio-api-homolog",
            "project": "devops-459516",
            "status": [
              {
                "conditions": [
                  {
                    "message": "Revision 'desafio-api-homolog-00001-d8z' is not ready and cannot serve traffic. The user-provided container failed to start and listen on the port defined provided by the PORT=8080 environment variable within the allocated timeout. This can happen when the container port is misconfigured or if the timeout is too short. The health check timeout can be extended. Logs for this revision might contain more information.\n\nLogs URL: https://console.cloud.google.com/logs/viewer?project=devops-459516\u0026resource=cloud_run_revision/service_name/desafio-api-homolog/revision_name/desafio-api-homolog-00001-d8z\u0026advancedFilter=resource.type%3D%22cloud_run_revision%22%0Aresource.labels.service_name%3D%22desafio-api-homolog%22%0Aresource.labels.revision_name%3D%22desafio-api-homolog-00001-d8z%22 \nFor more troubleshooting guidance, see https://cloud.google.com/run/docs/troubleshooting#container-failed-to-start",
                    "reason": "HealthCheckContainerError",
                    "status": "False",
                    "type": "Ready"
                  },
                  {
                    "message": "The user-provided container failed to start and listen on the port defined provided by the PORT=8080 environment variable within the allocated timeout. This can happen when the container port is misconfigured or if the timeout is too short. The health check timeout can be extended. Logs for this revision might contain more information.\n\nLogs URL: https://console.cloud.google.com/logs/viewer?project=devops-459516\u0026resource=cloud_run_revision/service_name/desafio-api-homolog/revision_name/desafio-api-homolog-00001-d8z\u0026advancedFilter=resource.type%3D%22cloud_run_revision%22%0Aresource.labels.service_name%3D%22desafio-api-homolog%22%0Aresource.labels.revision_name%3D%22desafio-api-homolog-00001-d8z%22 \nFor more troubleshooting guidance, see https://cloud.google.com/run/docs/troubleshooting#container-failed-to-start",
                    "reason": "",
                    "status": "True",
                    "type": "ConfigurationsReady"
                  },
                  {
                    "message": "Revision 'desafio-api-homolog-00001-d8z' is not ready and cannot serve traffic. The user-provided container failed to start and listen on the port defined provided by the PORT=8080 environment variable within the allocated timeout. This can happen when the container port is misconfigured or if the timeout is too short. The health check timeout can be extended. Logs for this revision might contain more information.\n\nLogs URL: https://console.cloud.google.com/logs/viewer?project=devops-459516\u0026resource=cloud_run_revision/service_name/desafio-api-homolog/revision_name/desafio-api-homolog-00001-d8z\u0026advancedFilter=resource.type%3D%22cloud_run_revision%22%0Aresource.labels.service_name%3D%22desafio-api-homolog%22%0Aresource.labels.revision_name%3D%22desafio-api-homolog-00001-d8z%22 \nFor more troubleshooting guidance, see https://cloud.google.com/run/docs/troubleshooting#container-failed-to-start",
                    "reason": "HealthCheckContainerError",
                    "status": "False",
                    "type": "RoutesReady"
                  }
                ],
                "latest_created_revision_name": "desafio-api-homolog-00001-d8z",
                "latest_ready_revision_name": "",
                "observed_generation": 1,
                "traffic": [],
                "url": ""
              }
            ],
            "template": [
              {
                "metadata": [
                  {
                    "annotations": {
                      "autoscaling.knative.dev/maxScale": "40"
                    },
                    "generation": 0,
                    "labels": {
                      "run.googleapis.com/startupProbeType": "Default"
                    },
                    "name": "",
                    "namespace": "",
                    "resource_version": "",
                    "self_link": "",
                    "uid": ""
                  }
                ],
                "spec": [
                  {
                    "container_concurrency": 80,
                    "containers": [
                      {
                        "args": [],
                        "command": [],
                        "env": [],
                        "env_from": [],
                        "image": "gcr.io/devops-459516/desafio-api",
                        "liveness_probe": [],
                        "name": "",
                        "ports": [
                          {
                            "container_port": 8080,
                            "name": "http1",
                            "protocol": ""
                          }
                        ],
                        "resources": [
                          {
                            "limits": {
                              "cpu": "1000m",
                              "memory": "512Mi"
                            },
                            "requests": {}
                          }
                        ],
                        "startup_probe": [
                          {
                            "failure_threshold": 1,
                            "grpc": [],
                            "http_get": [],
                            "initial_delay_seconds": 0,
                            "period_seconds": 240,
                            "tcp_socket": [
                              {
                                "port": 8080
                              }
                            ],
                            "timeout_seconds": 240
                          }
                        ],
                        "volume_mounts": [],
                        "working_dir": ""
                      }
                    ],
                    "node_selector": {},
                    "service_account_name": "877086529813-compute@developer.gserviceaccount.com",
                    "serving_state": "",
                    "timeout_seconds": 300,
                    "volumes": []
                  }
                ]
              }
            ],
            "timeouts": null,
            "traffic": [
              {
                "latest_revision": true,
                "percent": 100,
                "revision_name": "",
                "tag": "",
                "url": ""
              }
            ]
          },
          "sensitive_attributes": [],
          "private": "eyJlMmJmYjczMC1lY2FhLTExZTYtOGY4OC0zNDM2M2JjN2M0YzAiOnsiY3JlYXRlIjoxMjAwMDAwMDAwMDAwLCJkZWxldGUiOjEyMDAwMDAwMDAwMDAsInVwZGF0ZSI6MTIwMDAwMDAwMDAwMH0sInNjaGVtYV92ZXJzaW9uIjoiMiJ9"
        }
      ]
    },
    {
      "mode": "managed",
      "type": "google_cloud_run_service_iam_member",
      "name": "noauth",
      "provider": "provider[\"registry.terraform.io/hashicorp/google\"]",
      "instances": [
        {
          "schema_version": 0,
          "attributes": {
            "condition": [],
            "etag": "BwY1FxBnvkc=",
            "id": "v1/projects/devops-459516/locations/us-central1/services/desafio-api-homolog/roles/run.invoker/allUsers",
            "location": "us-central1",
            "member": "allUsers",
            "project": "devops-459516",
            "role": "roles/run.invoker",
            "service": "v1/projects/devops-459516/locations/us-central1/services/desafio-api-homolog"
          },
          "sensitive_attributes": [],
          "private": "bnVsbA==",
          "dependencies": [
            "google_cloud_run_service.homolog"
          ]
        }
      ]
    }
  ],
  "check_results": null
}
